
Microsoft Visual Studio Solution File, Format Version 12.00
# Visual Studio Version 16
VisualStudioVersion = 16.0.30711.63
MinimumVisualStudioVersion = 10.0.40219.1
Project("{FAE04EC0-301F-11D3-BF4B-00C04F79EFBC}") = "NonRecursiveDfs", "NonRecursiveDfs.csproj", "{BA10BDF2-8A46-42A0-A7A2-3C1045590613}"
EndProject
Global
	GlobalSection(SolutionConfigurationPlatforms) = preSolution
		Debug|Any CPU = Debug|Any CPU
		Release|Any CPU = Release|Any CPU
	EndGlobalSection
	GlobalSection(ProjectConfigurationPlatforms) = postSolution
		{BA10BDF2-8A46-42A0-A7A2-3C1045590613}.Debug|Any CPU.ActiveCfg = Debug|Any CPU
		{BA10BDF2-8A46-42A0-A7A2-3C1045590613}.Debug|Any CPU.Build.0 = Debug|Any CPU
		{BA10BDF2-8A46-42A0-A7A2-3C1045590613}.Release|Any CPU.ActiveCfg = Release|Any CPU
		{BA10BDF2-8A46-42A0-A7A2-3C1045590613}.Release|Any CPU.Build.0 = Release|Any CPU
	EndGlobalSection
	GlobalSection(SolutionProperties) = preSolution
		HideSolutionNode = FALSE
	EndGlobalSection
	GlobalSection(ExtensibilityGlobals) = postSolution
		SolutionGuid = {B5AEC188-1751-48C8-B444-5A6AE83D069F}
	EndGlobalSection
EndGlobal
